// !$*UTF8*$!
{
	archiveVersion = 1;
	classes = {
	};
	objectVersion = 50;
	objects = {

/* Begin PBXBuildFile section */
		BC7A9D732370CD4900EE7AB4 /* AppDelegate.swift in Sources */ = {isa = PBXBuildFile; fileRef = BC7A9D722370CD4900EE7AB4 /* AppDelegate.swift */; };
		BC7A9D752370CD4900EE7AB4 /* ViewController.swift in Sources */ = {isa = PBXBuildFile; fileRef = BC7A9D742370CD4900EE7AB4 /* ViewController.swift */; };
		BC7A9D782370CD4900EE7AB4 /* Main.storyboard in Resources */ = {isa = PBXBuildFile; fileRef = BC7A9D762370CD4900EE7AB4 /* Main.storyboard */; };
		BC7A9D7A2370CD4A00EE7AB4 /* Assets.xcassets in Resources */ = {isa = PBXBuildFile; fileRef = BC7A9D792370CD4A00EE7AB4 /* Assets.xcassets */; };
		BC7A9D7D2370CD4A00EE7AB4 /* LaunchScreen.storyboard in Resources */ = {isa = PBXBuildFile; fileRef = BC7A9D7B2370CD4A00EE7AB4 /* LaunchScreen.storyboard */; };
		BC7A9D852370CD5A00EE7AB4 /* Puntos.swift in Sources */ = {isa = PBXBuildFile; fileRef = BC7A9D842370CD5A00EE7AB4 /* Puntos.swift */; };
		BC7A9D872370CE1500EE7AB4 /* points.json in Resources */ = {isa = PBXBuildFile; fileRef = BC7A9D862370CE1500EE7AB4 /* points.json */; };
/* End PBXBuildFile section */

/* Begin PBXFileReference section */
		BC7A9D6F2370CD4900EE7AB4 /* Proyecto2MPOO.app */ = {isa = PBXFileReference; explicitFileType = wrapper.application; includeInIndex = 0; path = Proyecto2MPOO.app; sourceTree = BUILT_PRODUCTS_DIR; };
		BC7A9D722370CD4900EE7AB4 /* AppDelegate.swift */ = {isa = PBXFileReference; lastKnownFileType = sourcecode.swift; path = AppDelegate.swift; sourceTree = "<group>"; };
		BC7A9D742370CD4900EE7AB4 /* ViewController.swift */ = {isa = PBXFileReference; lastKnownFileType = sourcecode.swift; path = ViewController.swift; sourceTree = "<group>"; };
		BC7A9D772370CD4900EE7AB4 /* Base */ = {isa = PBXFileReference; lastKnownFileType = file.storyboard; name = Base; path = Base.lproj/Main.storyboard; sourceTree = "<group>"; };
		BC7A9D792370CD4A00EE7AB4 /* Assets.xcassets */ = {isa = PBXFileReference; lastKnownFileType = folder.assetcatalog; path = Assets.xcassets; sourceTree = "<group>"; };
		BC7A9D7C2370CD4A00EE7AB4 /* Base */ = {isa = PBXFileReference; lastKnownFileType = file.storyboard; name = Base; path = Base.lproj/LaunchScreen.storyboard; sourceTree = "<group>"; };
		BC7A9D7E2370CD4A00EE7AB4 /* Info.plist */ = {isa = PBXFileReference; lastKnownFileType = text.plist.xml; path = Info.plist; sourceTree = "<group>"; };
		BC7A9D842370CD5A00EE7AB4 /* Puntos.swift */ = {isa = PBXFileReference; lastKnownFileType = sourcecode.swift; path = Puntos.swift; sourceTree = "<group>"; };
		BC7A9D862370CE1500EE7AB4 /* points.json */ = {isa = PBXFileReference; lastKnownFileType = text.json; path = points.json; sourceTree = "<group>"; xcLanguageSpecificationIdentifier = xcode.lang.json; };
/* End PBXFileReference section */

/* Begin PBXFrameworksBuildPhase section */
		BC7A9D6C2370CD4900EE7AB4 /* Frameworks */ = {
			isa = PBXFrameworksBuildPhase;
			buildActionMask = 2147483647;
			files = (
			);
			runOnlyForDeploymentPostprocessing = 0;
		};
/* End PBXFrameworksBuildPhase section */

/* Begin PBXGroup section */
		BC7A9D662370CD4900EE7AB4 = {
			isa = PBXGroup;
			children = (
				BC7A9D712370CD4900EE7AB4 /* Proyecto2MPOO */,
				BC7A9D702370CD4900EE7AB4 /* Products */,
			);
			sourceTree = "<group>";
		};
		BC7A9D702370CD4900EE7AB4 /* Products */ = {
			isa = PBXGroup;
			children = (
				BC7A9D6F2370CD4900EE7AB4 /* Proyecto2MPOO.app */,
			);
			name = Products;
			sourceTree = "<group>";
		};
		BC7A9D712370CD4900EE7AB4 /* Proyecto2MPOO */ = {
			isa = PBXGroup;
			children = (
				BC7A9D722370CD4900EE7AB4 /* AppDelegate.swift */,
				BC7A9D742370CD4900EE7AB4 /* ViewController.swift */,
				BC7A9D762370CD4900EE7AB4 /* Main.storyboard */,
				BC7A9D792370CD4A00EE7AB4 /* Assets.xcassets */,
				BC7A9D7B2370CD4A00EE7AB4 /* LaunchScreen.storyboard */,
				BC7A9D7E2370CD4A00EE7AB4 /* Info.plist */,
				BC7A9D842370CD5A00EE7AB4 /* Puntos.swift */,
				BC7A9D862370CE1500EE7AB4 /* points.json */,
			);
			path = Proyecto2MPOO;
			sourceTree = "<group>";
		};
/* End PBXGroup section */

/* Begin PBXNativeTarget section */
		BC7A9D6E2370CD4900EE7AB4 /* Proyecto2MPOO */ = {
			isa = PBXNativeTarget;
			buildConfigurationList = BC7A9D812370CD4A00EE7AB4 /* Build configuration list for PBXNativeTarget "Proyecto2MPOO" */;
			buildPhases = (
				BC7A9D6B2370CD4900EE7AB4 /* Sources */,
				BC7A9D6C2370CD4900EE7AB4 /* Frameworks */,
				BC7A9D6D2370CD4900EE7AB4 /* Resources */,
			);
			buildRules = (
			);
			dependencies = (
			);
			name = Proyecto2MPOO;
			productName = Proyecto2MPOO;
			productReference = BC7A9D6F2370CD4900EE7AB4 /* Proyecto2MPOO.app */;
			productType = "com.apple.product-type.application";
		};
/* End PBXNativeTarget section */

/* Begin PBXProject section */
		BC7A9D672370CD4900EE7AB4 /* Project object */ = {
			isa = PBXProject;
			attributes = {
				LastSwiftUpdateCheck = 1030;
				LastUpgradeCheck = 1030;
				ORGANIZATIONNAME = "Omar Rios";
				TargetAttributes = {
					BC7A9D6E2370CD4900EE7AB4 = {
						CreatedOnToolsVersion = 10.3;
					};
				};
			};
			buildConfigurationList = BC7A9D6A2370CD4900EE7AB4 /* Build configuration list for PBXProject "Proyecto2MPOO" */;
			compatibilityVersion = "Xcode 9.3";
			developmentRegion = en;
			hasScannedForEncodings = 0;
			knownRegions = (
				en,
				Base,
			);
			mainGroup = BC7A9D662370CD4900EE7AB4;
			productRefGroup = BC7A9D702370CD4900EE7AB4 /* Products */;
			projectDirPath = "";
			projectRoot = "";
			targets = (
				BC7A9D6E2370CD4900EE7AB4 /* Proyecto2MPOO */,
			);
		};
/* End PBXProject section */

/* Begin PBXResourcesBuildPhase section */
		BC7A9D6D2370CD4900EE7AB4 /* Resources */ = {
			isa = PBXResourcesBuildPhase;
			buildActionMask = 2147483647;
			files = (
				BC7A9D872370CE1500EE7AB4 /* points.json in Resources */,
				BC7A9D7D2370CD4A00EE7AB4 /* LaunchScreen.storyboard in Resources */,
				BC7A9D7A2370CD4A00EE7AB4 /* Assets.xcassets in Resources */,
				BC7A9D782370CD4900EE7AB4 /* Main.storyboard in Resources */,
			);
			runOnlyForDeploymentPostprocessing = 0;
		};
/* End PBXResourcesBuildPhase section */

/* Begin PBXSourcesBuildPhase section */
		BC7A9D6B2370CD4900EE7AB4 /* Sources */ = {
			isa = PBXSourcesBuildPhase;
			buildActionMask = 2147483647;
			files = (
				BC7A9D852370CD5A00EE7AB4 /* Puntos.swift in Sources */,
				BC7A9D752370CD4900EE7AB4 /* ViewController.swift in Sources */,
				BC7A9D732370CD4900EE7AB4 /* AppDelegate.swift in Sources */,
			);
			runOnlyForDeploymentPostprocessing = 0;
		};
/* End PBXSourcesBuildPhase section */

/* Begin PBXVariantGroup section */
		BC7A9D762370CD4900EE7AB4 /* Main.storyboard */ = {
			isa = PBXVariantGroup;
			children = (
				BC7A9D772370CD4900EE7AB4 /* Base */,
			);
			name = Main.storyboard;
			sourceTree = "<group>";
		};
		BC7A9D7B2370CD4A00EE7AB4 /* LaunchScreen.storyboard */ = {
			isa = PBXVariantGroup;
			children = (
				BC7A9D7C2370CD4A00EE7AB4 /* Base */,
			);
			name = LaunchScreen.storyboard;
			sourceTree = "<group>";
		};
/* End PBXVariantGroup section */

/* Begin XCBuildConfiguration section */
		BC7A9D7F2370CD4A00EE7AB4 /* Debug */ = {
			isa = XCBuildConfiguration;
			buildSettings = {
				ALWAYS_SEARCH_USER_PATHS = NO;
				CLANG_ANALYZER_NONNULL = YES;
				CLANG_ANALYZER_NUMBER_OBJECT_CONVERSION = YES_AGGRESSIVE;
				CLANG_CXX_LANGUAGE_STANDARD = "gnu++14";
				CLANG_CXX_LIBRARY = "libc++";
				CLANG_ENABLE_MODULES = YES;
				CLANG_ENABLE_OBJC_ARC = YES;
				CLANG_ENABLE_OBJC_WEAK = YES;
				CLANG_WARN_BLOCK_CAPTURE_AUTORELEASING = YES;
				CLANG_WARN_BOOL_CONVERSION = YES;
				CLANG_WARN_COMMA = YES;
				CLANG_WARN_CONSTANT_CONVERSION = YES;
				CLANG_WARN_DEPRECATED_OBJC_IMPLEMENTATIONS = YES;
				CLANG_WARN_DIRECT_OBJC_ISA_USAGE = YES_ERROR;
				CLANG_WARN_DOCUMENTATION_COMMENTS = YES;
				CLANG_WARN_EMPTY_BODY = YES;
				CLANG_WARN_ENUM_CONVERSION = YES;
				CLANG_WARN_INFINITE_RECURSION = YES;
				CLANG_WARN_INT_CONVERSION = YES;
				CLANG_WARN_NON_LITERAL_NULL_CONVERSION = YES;
				CLANG_WARN_OBJC_IMPLICIT_RETAIN_SELF = YES;
				CLANG_WARN_OBJC_LITERAL_CONVERSION = YES;
				CLANG_WARN_OBJC_ROOT_CLASS = YES_ERROR;
				CLANG_WARN_RANGE_LOOP_ANALYSIS = YES;
				CLANG_WARN_STRICT_PROTOTYPES = YES;
				CLANG_WARN_SUSPICIOUS_MOVE = YES;
				CLANG_WARN_UNGUARDED_AVAILABILITY = YES_AGGRESSIVE;
				CLANG_WARN_UNREACHABLE_CODE = YES;
				CLANG_WARN__DUPLICATE_METHOD_MATCH = YES;
				CODE_SIGN_IDENTITY = "iPhone Developer";
				COPY_PHASE_STRIP = NO;
				DEBUG_INFORMATION_FORMAT = dwarf;
				ENABLE_STRICT_OBJC_MSGSEND = YES;
				ENABLE_TESTABILITY = YES;
				GCC_C_LANGUAGE_STANDARD = gnu11;
				GCC_DYNAMIC_NO_PIC = NO;
				GCC_NO_COMMON_BLOCKS = YES;
				GCC_OPTIMIZATION_LEVEL = 0;
				GCC_PREPROCESSOR_DEFINITIONS = (
					"DEBUG=1",
					"$(inherited)",
				);
				GCC_WARN_64_TO_32_BIT_CONVERSION = YES;
				GCC_WARN_ABOUT_RETURN_TYPE = YES_ERROR;
				GCC_WARN_UNDECLARED_SELECTOR = YES;
				GCC_WARN_UNINITIALIZED_AUTOS = YES_AGGRESSIVE;
				GCC_WARN_UNUSED_FUNCTION = YES;
				GCC_WARN_UNUSED_VARIABLE = YES;
				IPHONEOS_DEPLOYMENT_TARGET = 12.4;
				MTL_ENABLE_DEBUG_INFO = INCLUDE_SOURCE;
				MTL_FAST_MATH = YES;
				ONLY_ACTIVE_ARCH = YES;
				SDKROOT = iphoneos;
				SWIFT_ACTIVE_COMPILATION_CONDITIONS = DEBUG;
				SWIFT_OPTIMIZATION_LEVEL = "-Onone";
			};
			name = Debug;
		};
		BC7A9D802370CD4A00EE7AB4 /* Release */ = {
			isa = XCBuildConfiguration;
			buildSettings = {
				ALWAYS_SEARCH_USER_PATHS = NO;
				CLANG_ANALYZER_NONNULL = YES;
				CLANG_ANALYZER_NUMBER_OBJECT_CONVERSION = YES_AGGRESSIVE;
				CLANG_CXX_LANGUAGE_STANDARD = "gnu++14";
				CLANG_CXX_LIBRARY = "libc++";
				CLANG_ENABLE_MODULES = YES;
				CLANG_ENABLE_OBJC_ARC = YES;
				CLANG_ENABLE_OBJC_WEAK = YES;
				CLANG_WARN_BLOCK_CAPTURE_AUTORELEASING = YES;
				CLANG_WARN_BOOL_CONVERSION = YES;
				CLANG_WARN_COMMA = YES;
				CLANG_WARN_CONSTANT_CONVERSION = YES;
				CLANG_WARN_DEPRECATED_OBJC_IMPLEMENTATIONS = YES;
				CLANG_WARN_DIRECT_OBJC_ISA_USAGE = YES_ERROR;
				CLANG_WARN_DOCUMENTATION_COMMENTS = YES;
				CLANG_WARN_EMPTY_BODY = YES;
				CLANG_WARN_ENUM_CONVERSION = YES;
				CLANG_WARN_INFINITE_RECURSION = YES;
				CLANG_WARN_INT_CONVERSION = YES;
				CLANG_WARN_NON_LITERAL_NULL_CONVERSION = YES;
				CLANG_WARN_OBJC_IMPLICIT_RETAIN_SELF = YES;
				CLANG_WARN_OBJC_LITERAL_CONVERSION = YES;
				CLANG_WARN_OBJC_ROOT_CLASS = YES_ERROR;
				CLANG_WARN_RANGE_LOOP_ANALYSIS = YES;
				CLANG_WARN_STRICT_PROTOTYPES = YES;
				CLANG_WARN_SUSPICIOUS_MOVE = YES;
				CLANG_WARN_UNGUARDED_AVAILABILITY = YES_AGGRESSIVE;
				CLANG_WARN_UNREACHABLE_CODE = YES;
				CLANG_WARN__DUPLICATE_METHOD_MATCH = YES;
				CODE_SIGN_IDENTITY = "iPhone Developer";
				COPY_PHASE_STRIP = NO;
				DEBUG_INFORMATION_FORMAT = "dwarf-with-dsym";
				ENABLE_NS_ASSERTIONS = NO;
				ENABLE_STRICT_OBJC_MSGSEND = YES;
				GCC_C_LANGUAGE_STANDARD = gnu11;
				GCC_NO_COMMON_BLOCKS = YES;
				GCC_WARN_64_TO_32_BIT_CONVERSION = YES;
				GCC_WARN_ABOUT_RETURN_TYPE = YES_ERROR;
				GCC_WARN_UNDECLARED_SELECTOR = YES;
				GCC_WARN_UNINITIALIZED_AUTOS = YES_AGGRESSIVE;
				GCC_WARN_UNUSED_FUNCTION = YES;
				GCC_WARN_UNUSED_VARIABLE = YES;
				IPHONEOS_DEPLOYMENT_TARGET = 12.4;
				MTL_ENABLE_DEBUG_INFO = NO;
				MTL_FAST_MATH = YES;
				SDKROOT = iphoneos;
				SWIFT_COMPILATION_MODE = wholemodule;
				SWIFT_OPTIMIZATION_LEVEL = "-O";
				VALIDATE_PRODUCT = YES;
			};
			name = Release;
		};
		BC7A9D822370CD4A00EE7AB4 /* Debug */ = {
			isa = XCBuildConfiguration;
			buildSettings = {
				ASSETCATALOG_COMPILER_APPICON_NAME = AppIcon;
				CODE_SIGN_STYLE = Automatic;
				INFOPLIST_FILE = Proyecto2MPOO/Info.plist;
				LD_RUNPATH_SEARCH_PATHS = (
					"$(inherited)",
					"@executable_path/Frameworks",
				);
				PRODUCT_BUNDLE_IDENTIFIER = MPOO.Proyecto2MPOO;
				PRODUCT_NAME = "$(TARGET_NAME)";
				SWIFT_VERSION = 5.0;
				TARGETED_DEVICE_FAMILY = "1,2";
			};
			name = Debug;
		};
		BC7A9D832370CD4A00EE7AB4 /* Release */ = {
			isa = XCBuildConfiguration;
			buildSettings = {
				ASSETCATALOG_COMPILER_APPICON_NAME = AppIcon;
				CODE_SIGN_STYLE = Automatic;
				INFOPLIST_FILE = Proyecto2MPOO/Info.plist;
				LD_RUNPATH_SEARCH_PATHS = (
					"$(inherited)",
					"@executable_path/Frameworks",
				);
				PRODUCT_BUNDLE_IDENTIFIER = MPOO.Proyecto2MPOO;
				PRODUCT_NAME = "$(TARGET_NAME)";
				SWIFT_VERSION = 5.0;
				TARGETED_DEVICE_FAMILY = "1,2";
			};
			name = Release;
		};
/* End XCBuildConfiguration section */

/* Begin XCConfigurationList section */
		BC7A9D6A2370CD4900EE7AB4 /* Build configuration list for PBXProject "Proyecto2MPOO" */ = {
			isa = XCConfigurationList;
			buildConfigurations = (
				BC7A9D7F2370CD4A00EE7AB4 /* Debug */,
				BC7A9D802370CD4A00EE7AB4 /* Release */,
			);
			defaultConfigurationIsVisible = 0;
			defaultConfigurationName = Release;
		};
		BC7A9D812370CD4A00EE7AB4 /* Build configuration list for PBXNativeTarget "Proyecto2MPOO" */ = {
			isa = XCConfigurationList;
			buildConfigurations = (
				BC7A9D822370CD4A00EE7AB4 /* Debug */,
				BC7A9D832370CD4A00EE7AB4 /* Release */,
			);
			defaultConfigurationIsVisible = 0;
			defaultConfigurationName = Release;
		};
/* End XCConfigurationList section */
	};
	rootObject = BC7A9D672370CD4900EE7AB4 /* Project object */;
}
